
Microsoft Visual Studio Solution File, Format Version 12.00
# Visual Studio Version 17
VisualStudioVersion = 17.5.33530.505
MinimumVisualStudioVersion = 10.0.40219.1
Project("{D2ABAB84-BF74-430A-B69E-9DC6D40DDA17}") = "WideWorldImportersMD", "WideWorldImportersMD\WideWorldImportersMD.dwproj", "{C52EA168-39E8-4061-84D4-C94F282DF5ED}"
EndProject
Global
	GlobalSection(SolutionConfigurationPlatforms) = preSolution
		Development|Default = Development|Default
	EndGlobalSection
	GlobalSection(ProjectConfigurationPlatforms) = postSolution
		{C52EA168-39E8-4061-84D4-C94F282DF5ED}.Development|Default.ActiveCfg = Development
		{C52EA168-39E8-4061-84D4-C94F282DF5ED}.Development|Default.Build.0 = Development
		{C52EA168-39E8-4061-84D4-C94F282DF5ED}.Development|Default.Deploy.0 = Development
	EndGlobalSection
	GlobalSection(SolutionProperties) = preSolution
		HideSolutionNode = FALSE
	EndGlobalSection
	GlobalSection(ExtensibilityGlobals) = postSolution
		SolutionGuid = {2B46DC59-FEB7-4676-80C0-FCE01351B647}
	EndGlobalSection
EndGlobal
